// !$*UTF8*$!
{
	archiveVersion = 1;
	classes = {
	};
	objectVersion = 46;
	objects = {

/* Begin PBXBuildFile section */
		394789BB1A23F224002B66FB /* lapi.c in Sources */ = {isa = PBXBuildFile; fileRef = 394789B91A23F224002B66FB /* lapi.c */; };
		394789BC1A23F224002B66FB /* lapi.h in Headers */ = {isa = PBXBuildFile; fileRef = 394789BA1A23F224002B66FB /* lapi.h */; };
		394789F61A23F23F002B66FB /* lauxlib.c in Sources */ = {isa = PBXBuildFile; fileRef = 394789BD1A23F23F002B66FB /* lauxlib.c */; };
		394789F71A23F23F002B66FB /* lauxlib.h in Headers */ = {isa = PBXBuildFile; fileRef = 394789BE1A23F23F002B66FB /* lauxlib.h */; };
		394789F81A23F23F002B66FB /* lbaselib.c in Sources */ = {isa = PBXBuildFile; fileRef = 394789BF1A23F23F002B66FB /* lbaselib.c */; };
		394789F91A23F23F002B66FB /* lbitlib.c in Sources */ = {isa = PBXBuildFile; fileRef = 394789C01A23F23F002B66FB /* lbitlib.c */; };
		394789FA1A23F23F002B66FB /* lcode.c in Sources */ = {isa = PBXBuildFile; fileRef = 394789C11A23F23F002B66FB /* lcode.c */; };
		394789FB1A23F23F002B66FB /* lcode.h in Headers */ = {isa = PBXBuildFile; fileRef = 394789C21A23F23F002B66FB /* lcode.h */; };
		394789FC1A23F23F002B66FB /* lcorolib.c in Sources */ = {isa = PBXBuildFile; fileRef = 394789C31A23F23F002B66FB /* lcorolib.c */; };
		394789FD1A23F23F002B66FB /* lctype.c in Sources */ = {isa = PBXBuildFile; fileRef = 394789C41A23F23F002B66FB /* lctype.c */; };
		394789FE1A23F23F002B66FB /* lctype.h in Headers */ = {isa = PBXBuildFile; fileRef = 394789C51A23F23F002B66FB /* lctype.h */; };
		394789FF1A23F23F002B66FB /* ldblib.c in Sources */ = {isa = PBXBuildFile; fileRef = 394789C61A23F23F002B66FB /* ldblib.c */; };
		39478A001A23F23F002B66FB /* ldebug.c in Sources */ = {isa = PBXBuildFile; fileRef = 394789C71A23F23F002B66FB /* ldebug.c */; };
		39478A011A23F23F002B66FB /* ldebug.h in Headers */ = {isa = PBXBuildFile; fileRef = 394789C81A23F23F002B66FB /* ldebug.h */; };
		39478A021A23F23F002B66FB /* ldo.c in Sources */ = {isa = PBXBuildFile; fileRef = 394789C91A23F23F002B66FB /* ldo.c */; };
		39478A031A23F23F002B66FB /* ldo.h in Headers */ = {isa = PBXBuildFile; fileRef = 394789CA1A23F23F002B66FB /* ldo.h */; };
		39478A041A23F23F002B66FB /* ldump.c in Sources */ = {isa = PBXBuildFile; fileRef = 394789CB1A23F23F002B66FB /* ldump.c */; };
		39478A051A23F23F002B66FB /* lfunc.c in Sources */ = {isa = PBXBuildFile; fileRef = 394789CC1A23F23F002B66FB /* lfunc.c */; };
		39478A061A23F23F002B66FB /* lfunc.h in Headers */ = {isa = PBXBuildFile; fileRef = 394789CD1A23F23F002B66FB /* lfunc.h */; };
		39478A071A23F23F002B66FB /* lgc.c in Sources */ = {isa = PBXBuildFile; fileRef = 394789CE1A23F23F002B66FB /* lgc.c */; };
		39478A081A23F23F002B66FB /* lgc.h in Headers */ = {isa = PBXBuildFile; fileRef = 394789CF1A23F23F002B66FB /* lgc.h */; };
		39478A091A23F23F002B66FB /* linit.c in Sources */ = {isa = PBXBuildFile; fileRef = 394789D01A23F23F002B66FB /* linit.c */; };
		39478A0A1A23F23F002B66FB /* liolib.c in Sources */ = {isa = PBXBuildFile; fileRef = 394789D11A23F23F002B66FB /* liolib.c */; };
		39478A0B1A23F23F002B66FB /* llex.c in Sources */ = {isa = PBXBuildFile; fileRef = 394789D21A23F23F002B66FB /* llex.c */; };
		39478A0C1A23F23F002B66FB /* llex.h in Headers */ = {isa = PBXBuildFile; fileRef = 394789D31A23F23F002B66FB /* llex.h */; };
		39478A0D1A23F23F002B66FB /* llimits.h in Headers */ = {isa = PBXBuildFile; fileRef = 394789D41A23F23F002B66FB /* llimits.h */; };
		39478A0E1A23F23F002B66FB /* lmathlib.c in Sources */ = {isa = PBXBuildFile; fileRef = 394789D51A23F23F002B66FB /* lmathlib.c */; };
		39478A0F1A23F23F002B66FB /* lmem.c in Sources */ = {isa = PBXBuildFile; fileRef = 394789D61A23F23F002B66FB /* lmem.c */; };
		39478A101A23F23F002B66FB /* lmem.h in Headers */ = {isa = PBXBuildFile; fileRef = 394789D71A23F23F002B66FB /* lmem.h */; };
		39478A111A23F23F002B66FB /* loadlib.c in Sources */ = {isa = PBXBuildFile; fileRef = 394789D81A23F23F002B66FB /* loadlib.c */; };
		39478A121A23F23F002B66FB /* lobject.c in Sources */ = {isa = PBXBuildFile; fileRef = 394789D91A23F23F002B66FB /* lobject.c */; };
		39478A131A23F23F002B66FB /* lobject.h in Headers */ = {isa = PBXBuildFile; fileRef = 394789DA1A23F23F002B66FB /* lobject.h */; };
		39478A141A23F23F002B66FB /* lopcodes.c in Sources */ = {isa = PBXBuildFile; fileRef = 394789DB1A23F23F002B66FB /* lopcodes.c */; };
		39478A151A23F23F002B66FB /* lopcodes.h in Headers */ = {isa = PBXBuildFile; fileRef = 394789DC1A23F23F002B66FB /* lopcodes.h */; };
		39478A161A23F23F002B66FB /* loslib.c in Sources */ = {isa = PBXBuildFile; fileRef = 394789DD1A23F23F002B66FB /* loslib.c */; };
		39478A171A23F23F002B66FB /* lparser.c in Sources */ = {isa = PBXBuildFile; fileRef = 394789DE1A23F23F002B66FB /* lparser.c */; };
		39478A181A23F23F002B66FB /* lparser.h in Headers */ = {isa = PBXBuildFile; fileRef = 394789DF1A23F23F002B66FB /* lparser.h */; };
		39478A191A23F23F002B66FB /* lstate.c in Sources */ = {isa = PBXBuildFile; fileRef = 394789E01A23F23F002B66FB /* lstate.c */; };
		39478A1A1A23F23F002B66FB /* lstate.h in Headers */ = {isa = PBXBuildFile; fileRef = 394789E11A23F23F002B66FB /* lstate.h */; };
		39478A1B1A23F23F002B66FB /* lstring.c in Sources */ = {isa = PBXBuildFile; fileRef = 394789E21A23F23F002B66FB /* lstring.c */; };
		39478A1C1A23F23F002B66FB /* lstring.h in Headers */ = {isa = PBXBuildFile; fileRef = 394789E31A23F23F002B66FB /* lstring.h */; };
		39478A1D1A23F23F002B66FB /* lstrlib.c in Sources */ = {isa = PBXBuildFile; fileRef = 394789E41A23F23F002B66FB /* lstrlib.c */; };
		39478A1E1A23F23F002B66FB /* ltable.c in Sources */ = {isa = PBXBuildFile; fileRef = 394789E51A23F23F002B66FB /* ltable.c */; };
		39478A1F1A23F23F002B66FB /* ltable.h in Headers */ = {isa = PBXBuildFile; fileRef = 394789E61A23F23F002B66FB /* ltable.h */; };
		39478A201A23F23F002B66FB /* ltablib.c in Sources */ = {isa = PBXBuildFile; fileRef = 394789E71A23F23F002B66FB /* ltablib.c */; };
		39478A211A23F23F002B66FB /* ltm.c in Sources */ = {isa = PBXBuildFile; fileRef = 394789E81A23F23F002B66FB /* ltm.c */; };
		39478A221A23F23F002B66FB /* ltm.h in Headers */ = {isa = PBXBuildFile; fileRef = 394789E91A23F23F002B66FB /* ltm.h */; };
		39478A231A23F23F002B66FB /* lua.c in Sources */ = {isa = PBXBuildFile; fileRef = 394789EA1A23F23F002B66FB /* lua.c */; };
		39478A241A23F23F002B66FB /* lua.h in Headers */ = {isa = PBXBuildFile; fileRef = 394789EB1A23F23F002B66FB /* lua.h */; };
		39478A251A23F23F002B66FB /* lua.hpp in Headers */ = {isa = PBXBuildFile; fileRef = 394789EC1A23F23F002B66FB /* lua.hpp */; };
		39478A271A23F23F002B66FB /* luaconf.h in Headers */ = {isa = PBXBuildFile; fileRef = 394789EE1A23F23F002B66FB /* luaconf.h */; };
		39478A281A23F23F002B66FB /* lualib.h in Headers */ = {isa = PBXBuildFile; fileRef = 394789EF1A23F23F002B66FB /* lualib.h */; };
		39478A291A23F23F002B66FB /* lundump.c in Sources */ = {isa = PBXBuildFile; fileRef = 394789F01A23F23F002B66FB /* lundump.c */; };
		39478A2A1A23F23F002B66FB /* lundump.h in Headers */ = {isa = PBXBuildFile; fileRef = 394789F11A23F23F002B66FB /* lundump.h */; };
		39478A2B1A23F23F002B66FB /* lvm.c in Sources */ = {isa = PBXBuildFile; fileRef = 394789F21A23F23F002B66FB /* lvm.c */; };
		39478A2C1A23F23F002B66FB /* lvm.h in Headers */ = {isa = PBXBuildFile; fileRef = 394789F31A23F23F002B66FB /* lvm.h */; };
		39478A2D1A23F23F002B66FB /* lzio.c in Sources */ = {isa = PBXBuildFile; fileRef = 394789F41A23F23F002B66FB /* lzio.c */; };
		39478A2E1A23F23F002B66FB /* lzio.h in Headers */ = {isa = PBXBuildFile; fileRef = 394789F51A23F23F002B66FB /* lzio.h */; };
/* End PBXBuildFile section */

/* Begin PBXFileReference section */
		394789B91A23F224002B66FB /* lapi.c */ = {isa = PBXFileReference; fileEncoding = 4; lastKnownFileType = sourcecode.c.c; name = lapi.c; path = src/lapi.c; sourceTree = "<group>"; };
		394789BA1A23F224002B66FB /* lapi.h */ = {isa = PBXFileReference; fileEncoding = 4; lastKnownFileType = sourcecode.c.h; name = lapi.h; path = src/lapi.h; sourceTree = "<group>"; };
		394789BD1A23F23F002B66FB /* lauxlib.c */ = {isa = PBXFileReference; fileEncoding = 4; lastKnownFileType = sourcecode.c.c; name = lauxlib.c; path = src/lauxlib.c; sourceTree = "<group>"; };
		394789BE1A23F23F002B66FB /* lauxlib.h */ = {isa = PBXFileReference; fileEncoding = 4; lastKnownFileType = sourcecode.c.h; name = lauxlib.h; path = src/lauxlib.h; sourceTree = "<group>"; };
		394789BF1A23F23F002B66FB /* lbaselib.c */ = {isa = PBXFileReference; fileEncoding = 4; lastKnownFileType = sourcecode.c.c; name = lbaselib.c; path = src/lbaselib.c; sourceTree = "<group>"; };
		394789C01A23F23F002B66FB /* lbitlib.c */ = {isa = PBXFileReference; fileEncoding = 4; lastKnownFileType = sourcecode.c.c; name = lbitlib.c; path = src/lbitlib.c; sourceTree = "<group>"; };
		394789C11A23F23F002B66FB /* lcode.c */ = {isa = PBXFileReference; fileEncoding = 4; lastKnownFileType = sourcecode.c.c; name = lcode.c; path = src/lcode.c; sourceTree = "<group>"; };
		394789C21A23F23F002B66FB /* lcode.h */ = {isa = PBXFileReference; fileEncoding = 4; lastKnownFileType = sourcecode.c.h; name = lcode.h; path = src/lcode.h; sourceTree = "<group>"; };
		394789C31A23F23F002B66FB /* lcorolib.c */ = {isa = PBXFileReference; fileEncoding = 4; lastKnownFileType = sourcecode.c.c; name = lcorolib.c; path = src/lcorolib.c; sourceTree = "<group>"; };
		394789C41A23F23F002B66FB /* lctype.c */ = {isa = PBXFileReference; fileEncoding = 4; lastKnownFileType = sourcecode.c.c; name = lctype.c; path = src/lctype.c; sourceTree = "<group>"; };
		394789C51A23F23F002B66FB /* lctype.h */ = {isa = PBXFileReference; fileEncoding = 4; lastKnownFileType = sourcecode.c.h; name = lctype.h; path = src/lctype.h; sourceTree = "<group>"; };
		394789C61A23F23F002B66FB /* ldblib.c */ = {isa = PBXFileReference; fileEncoding = 4; lastKnownFileType = sourcecode.c.c; name = ldblib.c; path = src/ldblib.c; sourceTree = "<group>"; };
		394789C71A23F23F002B66FB /* ldebug.c */ = {isa = PBXFileReference; fileEncoding = 4; lastKnownFileType = sourcecode.c.c; name = ldebug.c; path = src/ldebug.c; sourceTree = "<group>"; };
		394789C81A23F23F002B66FB /* ldebug.h */ = {isa = PBXFileReference; fileEncoding = 4; lastKnownFileType = sourcecode.c.h; name = ldebug.h; path = src/ldebug.h; sourceTree = "<group>"; };
		394789C91A23F23F002B66FB /* ldo.c */ = {isa = PBXFileReference; fileEncoding = 4; lastKnownFileType = sourcecode.c.c; name = ldo.c; path = src/ldo.c; sourceTree = "<group>"; };
		394789CA1A23F23F002B66FB /* ldo.h */ = {isa = PBXFileReference; fileEncoding = 4; lastKnownFileType = sourcecode.c.h; name = ldo.h; path = src/ldo.h; sourceTree = "<group>"; };
		394789CB1A23F23F002B66FB /* ldump.c */ = {isa = PBXFileReference; fileEncoding = 4; lastKnownFileType = sourcecode.c.c; name = ldump.c; path = src/ldump.c; sourceTree = "<group>"; };
		394789CC1A23F23F002B66FB /* lfunc.c */ = {isa = PBXFileReference; fileEncoding = 4; lastKnownFileType = sourcecode.c.c; name = lfunc.c; path = src/lfunc.c; sourceTree = "<group>"; };
		394789CD1A23F23F002B66FB /* lfunc.h */ = {isa = PBXFileReference; fileEncoding = 4; lastKnownFileType = sourcecode.c.h; name = lfunc.h; path = src/lfunc.h; sourceTree = "<group>"; };
		394789CE1A23F23F002B66FB /* lgc.c */ = {isa = PBXFileReference; fileEncoding = 4; lastKnownFileType = sourcecode.c.c; name = lgc.c; path = src/lgc.c; sourceTree = "<group>"; };
		394789CF1A23F23F002B66FB /* lgc.h */ = {isa = PBXFileReference; fileEncoding = 4; lastKnownFileType = sourcecode.c.h; name = lgc.h; path = src/lgc.h; sourceTree = "<group>"; };
		394789D01A23F23F002B66FB /* linit.c */ = {isa = PBXFileReference; fileEncoding = 4; lastKnownFileType = sourcecode.c.c; name = linit.c; path = src/linit.c; sourceTree = "<group>"; };
		394789D11A23F23F002B66FB /* liolib.c */ = {isa = PBXFileReference; fileEncoding = 4; lastKnownFileType = sourcecode.c.c; name = liolib.c; path = src/liolib.c; sourceTree = "<group>"; };
		394789D21A23F23F002B66FB /* llex.c */ = {isa = PBXFileReference; fileEncoding = 4; lastKnownFileType = sourcecode.c.c; name = llex.c; path = src/llex.c; sourceTree = "<group>"; };
		394789D31A23F23F002B66FB /* llex.h */ = {isa = PBXFileReference; fileEncoding = 4; lastKnownFileType = sourcecode.c.h; name = llex.h; path = src/llex.h; sourceTree = "<group>"; };
		394789D41A23F23F002B66FB /* llimits.h */ = {isa = PBXFileReference; fileEncoding = 4; lastKnownFileType = sourcecode.c.h; name = llimits.h; path = src/llimits.h; sourceTree = "<group>"; };
		394789D51A23F23F002B66FB /* lmathlib.c */ = {isa = PBXFileReference; fileEncoding = 4; lastKnownFileType = sourcecode.c.c; name = lmathlib.c; path = src/lmathlib.c; sourceTree = "<group>"; };
		394789D61A23F23F002B66FB /* lmem.c */ = {isa = PBXFileReference; fileEncoding = 4; lastKnownFileType = sourcecode.c.c; name = lmem.c; path = src/lmem.c; sourceTree = "<group>"; };
		394789D71A23F23F002B66FB /* lmem.h */ = {isa = PBXFileReference; fileEncoding = 4; lastKnownFileType = sourcecode.c.h; name = lmem.h; path = src/lmem.h; sourceTree = "<group>"; };
		394789D81A23F23F002B66FB /* loadlib.c */ = {isa = PBXFileReference; fileEncoding = 4; lastKnownFileType = sourcecode.c.c; name = loadlib.c; path = src/loadlib.c; sourceTree = "<group>"; };
		394789D91A23F23F002B66FB /* lobject.c */ = {isa = PBXFileReference; fileEncoding = 4; lastKnownFileType = sourcecode.c.c; name = lobject.c; path = src/lobject.c; sourceTree = "<group>"; };
		394789DA1A23F23F002B66FB /* lobject.h */ = {isa = PBXFileReference; fileEncoding = 4; lastKnownFileType = sourcecode.c.h; name = lobject.h; path = src/lobject.h; sourceTree = "<group>"; };
		394789DB1A23F23F002B66FB /* lopcodes.c */ = {isa = PBXFileReference; fileEncoding = 4; lastKnownFileType = sourcecode.c.c; name = lopcodes.c; path = src/lopcodes.c; sourceTree = "<group>"; };
		394789DC1A23F23F002B66FB /* lopcodes.h */ = {isa = PBXFileReference; fileEncoding = 4; lastKnownFileType = sourcecode.c.h; name = lopcodes.h; path = src/lopcodes.h; sourceTree = "<group>"; };
		394789DD1A23F23F002B66FB /* loslib.c */ = {isa = PBXFileReference; fileEncoding = 4; lastKnownFileType = sourcecode.c.c; name = loslib.c; path = src/loslib.c; sourceTree = "<group>"; };
		394789DE1A23F23F002B66FB /* lparser.c */ = {isa = PBXFileReference; fileEncoding = 4; lastKnownFileType = sourcecode.c.c; name = lparser.c; path = src/lparser.c; sourceTree = "<group>"; };
		394789DF1A23F23F002B66FB /* lparser.h */ = {isa = PBXFileReference; fileEncoding = 4; lastKnownFileType = sourcecode.c.h; name = lparser.h; path = src/lparser.h; sourceTree = "<group>"; };
		394789E01A23F23F002B66FB /* lstate.c */ = {isa = PBXFileReference; fileEncoding = 4; lastKnownFileType = sourcecode.c.c; name = lstate.c; path = src/lstate.c; sourceTree = "<group>"; };
		394789E11A23F23F002B66FB /* lstate.h */ = {isa = PBXFileReference; fileEncoding = 4; lastKnownFileType = sourcecode.c.h; name = lstate.h; path = src/lstate.h; sourceTree = "<group>"; };
		394789E21A23F23F002B66FB /* lstring.c */ = {isa = PBXFileReference; fileEncoding = 4; lastKnownFileType = sourcecode.c.c; name = lstring.c; path = src/lstring.c; sourceTree = "<group>"; };
		394789E31A23F23F002B66FB /* lstring.h */ = {isa = PBXFileReference; fileEncoding = 4; lastKnownFileType = sourcecode.c.h; name = lstring.h; path = src/lstring.h; sourceTree = "<group>"; };
		394789E41A23F23F002B66FB /* lstrlib.c */ = {isa = PBXFileReference; fileEncoding = 4; lastKnownFileType = sourcecode.c.c; name = lstrlib.c; path = src/lstrlib.c; sourceTree = "<group>"; };
		394789E51A23F23F002B66FB /* ltable.c */ = {isa = PBXFileReference; fileEncoding = 4; lastKnownFileType = sourcecode.c.c; name = ltable.c; path = src/ltable.c; sourceTree = "<group>"; };
		394789E61A23F23F002B66FB /* ltable.h */ = {isa = PBXFileReference; fileEncoding = 4; lastKnownFileType = sourcecode.c.h; name = ltable.h; path = src/ltable.h; sourceTree = "<group>"; };
		394789E71A23F23F002B66FB /* ltablib.c */ = {isa = PBXFileReference; fileEncoding = 4; lastKnownFileType = sourcecode.c.c; name = ltablib.c; path = src/ltablib.c; sourceTree = "<group>"; };
		394789E81A23F23F002B66FB /* ltm.c */ = {isa = PBXFileReference; fileEncoding = 4; lastKnownFileType = sourcecode.c.c; name = ltm.c; path = src/ltm.c; sourceTree = "<group>"; };
		394789E91A23F23F002B66FB /* ltm.h */ = {isa = PBXFileReference; fileEncoding = 4; lastKnownFileType = sourcecode.c.h; name = ltm.h; path = src/ltm.h; sourceTree = "<group>"; };
		394789EA1A23F23F002B66FB /* lua.c */ = {isa = PBXFileReference; fileEncoding = 4; lastKnownFileType = sourcecode.c.c; name = lua.c; path = src/lua.c; sourceTree = "<group>"; };
		394789EB1A23F23F002B66FB /* lua.h */ = {isa = PBXFileReference; fileEncoding = 4; lastKnownFileType = sourcecode.c.h; name = lua.h; path = src/lua.h; sourceTree = "<group>"; };
		394789EC1A23F23F002B66FB /* lua.hpp */ = {isa = PBXFileReference; fileEncoding = 4; lastKnownFileType = sourcecode.cpp.h; name = lua.hpp; path = src/lua.hpp; sourceTree = "<group>"; };
		394789EE1A23F23F002B66FB /* luaconf.h */ = {isa = PBXFileReference; fileEncoding = 4; lastKnownFileType = sourcecode.c.h; name = luaconf.h; path = src/luaconf.h; sourceTree = "<group>"; };
		394789EF1A23F23F002B66FB /* lualib.h */ = {isa = PBXFileReference; fileEncoding = 4; lastKnownFileType = sourcecode.c.h; name = lualib.h; path = src/lualib.h; sourceTree = "<group>"; };
		394789F01A23F23F002B66FB /* lundump.c */ = {isa = PBXFileReference; fileEncoding = 4; lastKnownFileType = sourcecode.c.c; name = lundump.c; path = src/lundump.c; sourceTree = "<group>"; };
		394789F11A23F23F002B66FB /* lundump.h */ = {isa = PBXFileReference; fileEncoding = 4; lastKnownFileType = sourcecode.c.h; name = lundump.h; path = src/lundump.h; sourceTree = "<group>"; };
		394789F21A23F23F002B66FB /* lvm.c */ = {isa = PBXFileReference; fileEncoding = 4; lastKnownFileType = sourcecode.c.c; name = lvm.c; path = src/lvm.c; sourceTree = "<group>"; };
		394789F31A23F23F002B66FB /* lvm.h */ = {isa = PBXFileReference; fileEncoding = 4; lastKnownFileType = sourcecode.c.h; name = lvm.h; path = src/lvm.h; sourceTree = "<group>"; };
		394789F41A23F23F002B66FB /* lzio.c */ = {isa = PBXFileReference; fileEncoding = 4; lastKnownFileType = sourcecode.c.c; name = lzio.c; path = src/lzio.c; sourceTree = "<group>"; };
		394789F51A23F23F002B66FB /* lzio.h */ = {isa = PBXFileReference; fileEncoding = 4; lastKnownFileType = sourcecode.c.h; name = lzio.h; path = src/lzio.h; sourceTree = "<group>"; };
		3984F9411A23EF0A00D9953C /* liblua.a */ = {isa = PBXFileReference; explicitFileType = archive.ar; includeInIndex = 0; path = liblua.a; sourceTree = BUILT_PRODUCTS_DIR; };
/* End PBXFileReference section */

/* Begin PBXFrameworksBuildPhase section */
		3984F93E1A23EF0A00D9953C /* Frameworks */ = {
			isa = PBXFrameworksBuildPhase;
			buildActionMask = 2147483647;
			files = (
			);
			runOnlyForDeploymentPostprocessing = 0;
		};
/* End PBXFrameworksBuildPhase section */

/* Begin PBXGroup section */
		394789B81A23F20F002B66FB /* Src */ = {
			isa = PBXGroup;
			children = (
				394789BD1A23F23F002B66FB /* lauxlib.c */,
				394789BE1A23F23F002B66FB /* lauxlib.h */,
				394789BF1A23F23F002B66FB /* lbaselib.c */,
				394789C01A23F23F002B66FB /* lbitlib.c */,
				394789C11A23F23F002B66FB /* lcode.c */,
				394789C21A23F23F002B66FB /* lcode.h */,
				394789C31A23F23F002B66FB /* lcorolib.c */,
				394789C41A23F23F002B66FB /* lctype.c */,
				394789C51A23F23F002B66FB /* lctype.h */,
				394789C61A23F23F002B66FB /* ldblib.c */,
				394789C71A23F23F002B66FB /* ldebug.c */,
				394789C81A23F23F002B66FB /* ldebug.h */,
				394789C91A23F23F002B66FB /* ldo.c */,
				394789CA1A23F23F002B66FB /* ldo.h */,
				394789CB1A23F23F002B66FB /* ldump.c */,
				394789CC1A23F23F002B66FB /* lfunc.c */,
				394789CD1A23F23F002B66FB /* lfunc.h */,
				394789CE1A23F23F002B66FB /* lgc.c */,
				394789CF1A23F23F002B66FB /* lgc.h */,
				394789D01A23F23F002B66FB /* linit.c */,
				394789D11A23F23F002B66FB /* liolib.c */,
				394789D21A23F23F002B66FB /* llex.c */,
				394789D31A23F23F002B66FB /* llex.h */,
				394789D41A23F23F002B66FB /* llimits.h */,
				394789D51A23F23F002B66FB /* lmathlib.c */,
				394789D61A23F23F002B66FB /* lmem.c */,
				394789D71A23F23F002B66FB /* lmem.h */,
				394789D81A23F23F002B66FB /* loadlib.c */,
				394789D91A23F23F002B66FB /* lobject.c */,
				394789DA1A23F23F002B66FB /* lobject.h */,
				394789DB1A23F23F002B66FB /* lopcodes.c */,
				394789DC1A23F23F002B66FB /* lopcodes.h */,
				394789DD1A23F23F002B66FB /* loslib.c */,
				394789DE1A23F23F002B66FB /* lparser.c */,
				394789DF1A23F23F002B66FB /* lparser.h */,
				394789E01A23F23F002B66FB /* lstate.c */,
				394789E11A23F23F002B66FB /* lstate.h */,
				394789E21A23F23F002B66FB /* lstring.c */,
				394789E31A23F23F002B66FB /* lstring.h */,
				394789E41A23F23F002B66FB /* lstrlib.c */,
				394789E51A23F23F002B66FB /* ltable.c */,
				394789E61A23F23F002B66FB /* ltable.h */,
				394789E71A23F23F002B66FB /* ltablib.c */,
				394789E81A23F23F002B66FB /* ltm.c */,
				394789E91A23F23F002B66FB /* ltm.h */,
				394789EA1A23F23F002B66FB /* lua.c */,
				394789EB1A23F23F002B66FB /* lua.h */,
				394789EC1A23F23F002B66FB /* lua.hpp */,
				394789EE1A23F23F002B66FB /* luaconf.h */,
				394789EF1A23F23F002B66FB /* lualib.h */,
				394789F01A23F23F002B66FB /* lundump.c */,
				394789F11A23F23F002B66FB /* lundump.h */,
				394789F21A23F23F002B66FB /* lvm.c */,
				394789F31A23F23F002B66FB /* lvm.h */,
				394789F41A23F23F002B66FB /* lzio.c */,
				394789F51A23F23F002B66FB /* lzio.h */,
				394789B91A23F224002B66FB /* lapi.c */,
				394789BA1A23F224002B66FB /* lapi.h */,
			);
			name = Src;
			sourceTree = "<group>";
		};
		3984F9381A23EF0A00D9953C = {
			isa = PBXGroup;
			children = (
				394789B81A23F20F002B66FB /* Src */,
				3984F9421A23EF0A00D9953C /* Products */,
			);
			sourceTree = "<group>";
		};
		3984F9421A23EF0A00D9953C /* Products */ = {
			isa = PBXGroup;
			children = (
				3984F9411A23EF0A00D9953C /* liblua.a */,
			);
			name = Products;
			sourceTree = "<group>";
		};
/* End PBXGroup section */

/* Begin PBXHeadersBuildPhase section */
		3984F93F1A23EF0A00D9953C /* Headers */ = {
			isa = PBXHeadersBuildPhase;
			buildActionMask = 2147483647;
			files = (
				39478A221A23F23F002B66FB /* ltm.h in Headers */,
				39478A031A23F23F002B66FB /* ldo.h in Headers */,
				39478A0D1A23F23F002B66FB /* llimits.h in Headers */,
				39478A1C1A23F23F002B66FB /* lstring.h in Headers */,
				39478A151A23F23F002B66FB /* lopcodes.h in Headers */,
				39478A081A23F23F002B66FB /* lgc.h in Headers */,
				394789FB1A23F23F002B66FB /* lcode.h in Headers */,
				39478A251A23F23F002B66FB /* lua.hpp in Headers */,
				39478A011A23F23F002B66FB /* ldebug.h in Headers */,
				39478A0C1A23F23F002B66FB /* llex.h in Headers */,
				39478A061A23F23F002B66FB /* lfunc.h in Headers */,
				39478A281A23F23F002B66FB /* lualib.h in Headers */,
				394789F71A23F23F002B66FB /* lauxlib.h in Headers */,
				39478A1A1A23F23F002B66FB /* lstate.h in Headers */,
				39478A271A23F23F002B66FB /* luaconf.h in Headers */,
				394789BC1A23F224002B66FB /* lapi.h in Headers */,
				39478A1F1A23F23F002B66FB /* ltable.h in Headers */,
				39478A101A23F23F002B66FB /* lmem.h in Headers */,
				39478A2C1A23F23F002B66FB /* lvm.h in Headers */,
				39478A2A1A23F23F002B66FB /* lundump.h in Headers */,
				39478A2E1A23F23F002B66FB /* lzio.h in Headers */,
				39478A131A23F23F002B66FB /* lobject.h in Headers */,
				39478A181A23F23F002B66FB /* lparser.h in Headers */,
				394789FE1A23F23F002B66FB /* lctype.h in Headers */,
				39478A241A23F23F002B66FB /* lua.h in Headers */,
			);
			runOnlyForDeploymentPostprocessing = 0;
		};
/* End PBXHeadersBuildPhase section */

/* Begin PBXNativeTarget section */
		3984F9401A23EF0A00D9953C /* lua */ = {
			isa = PBXNativeTarget;
			buildConfigurationList = 3984F94C1A23EF0A00D9953C /* Build configuration list for PBXNativeTarget "lua" */;
			buildPhases = (
				3984F93D1A23EF0A00D9953C /* Sources */,
				3984F93E1A23EF0A00D9953C /* Frameworks */,
				3984F93F1A23EF0A00D9953C /* Headers */,
			);
			buildRules = (
			);
			dependencies = (
			);
			name = lua;
			productName = lua;
			productReference = 3984F9411A23EF0A00D9953C /* liblua.a */;
			productType = "com.apple.product-type.library.static";
		};
/* End PBXNativeTarget section */

/* Begin PBXProject section */
		3984F9391A23EF0A00D9953C /* Project object */ = {
			isa = PBXProject;
			attributes = {
				LastUpgradeCheck = 0610;
				ORGANIZATIONNAME = "Intelligent Artefacts";
				TargetAttributes = {
					3984F9401A23EF0A00D9953C = {
						CreatedOnToolsVersion = 6.1;
					};
				};
			};
			buildConfigurationList = 3984F93C1A23EF0A00D9953C /* Build configuration list for PBXProject "lua" */;
			compatibilityVersion = "Xcode 3.2";
			developmentRegion = English;
			hasScannedForEncodings = 0;
			knownRegions = (
				en,
			);
			mainGroup = 3984F9381A23EF0A00D9953C;
			productRefGroup = 3984F9421A23EF0A00D9953C /* Products */;
			projectDirPath = "";
			projectRoot = "";
			targets = (
				3984F9401A23EF0A00D9953C /* lua */,
			);
		};
/* End PBXProject section */

/* Begin PBXSourcesBuildPhase section */
		3984F93D1A23EF0A00D9953C /* Sources */ = {
			isa = PBXSourcesBuildPhase;
			buildActionMask = 2147483647;
			files = (
				39478A2B1A23F23F002B66FB /* lvm.c in Sources */,
				39478A1E1A23F23F002B66FB /* ltable.c in Sources */,
				39478A051A23F23F002B66FB /* lfunc.c in Sources */,
				394789FD1A23F23F002B66FB /* lctype.c in Sources */,
				394789F91A23F23F002B66FB /* lbitlib.c in Sources */,
				39478A071A23F23F002B66FB /* lgc.c in Sources */,
				39478A0E1A23F23F002B66FB /* lmathlib.c in Sources */,
				39478A171A23F23F002B66FB /* lparser.c in Sources */,
				394789FF1A23F23F002B66FB /* ldblib.c in Sources */,
				39478A211A23F23F002B66FB /* ltm.c in Sources */,
				39478A111A23F23F002B66FB /* loadlib.c in Sources */,
				394789BB1A23F224002B66FB /* lapi.c in Sources */,
				394789F61A23F23F002B66FB /* lauxlib.c in Sources */,
				394789FC1A23F23F002B66FB /* lcorolib.c in Sources */,
				39478A161A23F23F002B66FB /* loslib.c in Sources */,
				394789F81A23F23F002B66FB /* lbaselib.c in Sources */,
				39478A0F1A23F23F002B66FB /* lmem.c in Sources */,
				39478A191A23F23F002B66FB /* lstate.c in Sources */,
				39478A0A1A23F23F002B66FB /* liolib.c in Sources */,
				39478A1D1A23F23F002B66FB /* lstrlib.c in Sources */,
				39478A121A23F23F002B66FB /* lobject.c in Sources */,
				39478A001A23F23F002B66FB /* ldebug.c in Sources */,
				39478A201A23F23F002B66FB /* ltablib.c in Sources */,
				39478A1B1A23F23F002B66FB /* lstring.c in Sources */,
				39478A091A23F23F002B66FB /* linit.c in Sources */,
				39478A231A23F23F002B66FB /* lua.c in Sources */,
				39478A0B1A23F23F002B66FB /* llex.c in Sources */,
				394789FA1A23F23F002B66FB /* lcode.c in Sources */,
				39478A021A23F23F002B66FB /* ldo.c in Sources */,
				39478A141A23F23F002B66FB /* lopcodes.c in Sources */,
				39478A2D1A23F23F002B66FB /* lzio.c in Sources */,
				39478A041A23F23F002B66FB /* ldump.c in Sources */,
				39478A291A23F23F002B66FB /* lundump.c in Sources */,
			);
			runOnlyForDeploymentPostprocessing = 0;
		};
/* End PBXSourcesBuildPhase section */

/* Begin XCBuildConfiguration section */
		3984F94A1A23EF0A00D9953C /* Debug */ = {
			isa = XCBuildConfiguration;
			buildSettings = {
				ALWAYS_SEARCH_USER_PATHS = NO;
				CLANG_CXX_LANGUAGE_STANDARD = "gnu++0x";
				CLANG_CXX_LIBRARY = "libc++";
				CLANG_ENABLE_MODULES = YES;
				CLANG_ENABLE_OBJC_ARC = YES;
				CLANG_WARN_BOOL_CONVERSION = YES;
				CLANG_WARN_CONSTANT_CONVERSION = YES;
				CLANG_WARN_DIRECT_OBJC_ISA_USAGE = YES_ERROR;
				CLANG_WARN_EMPTY_BODY = YES;
				CLANG_WARN_ENUM_CONVERSION = YES;
				CLANG_WARN_INT_CONVERSION = YES;
				CLANG_WARN_OBJC_ROOT_CLASS = YES_ERROR;
				CLANG_WARN_UNREACHABLE_CODE = YES;
				CLANG_WARN__DUPLICATE_METHOD_MATCH = YES;
				COPY_PHASE_STRIP = NO;
				ENABLE_STRICT_OBJC_MSGSEND = YES;
				GCC_C_LANGUAGE_STANDARD = gnu99;
				GCC_DYNAMIC_NO_PIC = NO;
				GCC_OPTIMIZATION_LEVEL = 0;
				GCC_PREPROCESSOR_DEFINITIONS = (
					"DEBUG=1",
					"$(inherited)",
				);
				GCC_SYMBOLS_PRIVATE_EXTERN = NO;
				GCC_WARN_64_TO_32_BIT_CONVERSION = YES;
				GCC_WARN_ABOUT_RETURN_TYPE = YES_ERROR;
				GCC_WARN_UNDECLARED_SELECTOR = YES;
				GCC_WARN_UNINITIALIZED_AUTOS = YES_AGGRESSIVE;
				GCC_WARN_UNUSED_FUNCTION = YES;
				GCC_WARN_UNUSED_VARIABLE = YES;
				MACOSX_DEPLOYMENT_TARGET = 10.10;
				MTL_ENABLE_DEBUG_INFO = YES;
				ONLY_ACTIVE_ARCH = YES;
				SDKROOT = macosx;
			};
			name = Debug;
		};
		3984F94B1A23EF0A00D9953C /* Release */ = {
			isa = XCBuildConfiguration;
			buildSettings = {
				ALWAYS_SEARCH_USER_PATHS = NO;
				CLANG_CXX_LANGUAGE_STANDARD = "gnu++0x";
				CLANG_CXX_LIBRARY = "libc++";
				CLANG_ENABLE_MODULES = YES;
				CLANG_ENABLE_OBJC_ARC = YES;
				CLANG_WARN_BOOL_CONVERSION = YES;
				CLANG_WARN_CONSTANT_CONVERSION = YES;
				CLANG_WARN_DIRECT_OBJC_ISA_USAGE = YES_ERROR;
				CLANG_WARN_EMPTY_BODY = YES;
				CLANG_WARN_ENUM_CONVERSION = YES;
				CLANG_WARN_INT_CONVERSION = YES;
				CLANG_WARN_OBJC_ROOT_CLASS = YES_ERROR;
				CLANG_WARN_UNREACHABLE_CODE = YES;
				CLANG_WARN__DUPLICATE_METHOD_MATCH = YES;
				COPY_PHASE_STRIP = YES;
				DEBUG_INFORMATION_FORMAT = "dwarf-with-dsym";
				ENABLE_NS_ASSERTIONS = NO;
				ENABLE_STRICT_OBJC_MSGSEND = YES;
				GCC_C_LANGUAGE_STANDARD = gnu99;
				GCC_WARN_64_TO_32_BIT_CONVERSION = YES;
				GCC_WARN_ABOUT_RETURN_TYPE = YES_ERROR;
				GCC_WARN_UNDECLARED_SELECTOR = YES;
				GCC_WARN_UNINITIALIZED_AUTOS = YES_AGGRESSIVE;
				GCC_WARN_UNUSED_FUNCTION = YES;
				GCC_WARN_UNUSED_VARIABLE = YES;
				MACOSX_DEPLOYMENT_TARGET = 10.10;
				MTL_ENABLE_DEBUG_INFO = NO;
				SDKROOT = macosx;
			};
			name = Release;
		};
		3984F94D1A23EF0A00D9953C /* Debug */ = {
			isa = XCBuildConfiguration;
			buildSettings = {
				EXECUTABLE_PREFIX = lib;
				GCC_ENABLE_CPP_EXCEPTIONS = YES;
				GCC_ENABLE_CPP_RTTI = YES;
				GCC_SYMBOLS_PRIVATE_EXTERN = NO;
				PRODUCT_NAME = "$(TARGET_NAME)";
			};
			name = Debug;
		};
		3984F94E1A23EF0A00D9953C /* Release */ = {
			isa = XCBuildConfiguration;
			buildSettings = {
				EXECUTABLE_PREFIX = lib;
				GCC_ENABLE_CPP_EXCEPTIONS = YES;
				GCC_ENABLE_CPP_RTTI = YES;
				GCC_SYMBOLS_PRIVATE_EXTERN = NO;
				PRODUCT_NAME = "$(TARGET_NAME)";
			};
			name = Release;
		};
/* End XCBuildConfiguration section */

/* Begin XCConfigurationList section */
		3984F93C1A23EF0A00D9953C /* Build configuration list for PBXProject "lua" */ = {
			isa = XCConfigurationList;
			buildConfigurations = (
				3984F94A1A23EF0A00D9953C /* Debug */,
				3984F94B1A23EF0A00D9953C /* Release */,
			);
			defaultConfigurationIsVisible = 0;
			defaultConfigurationName = Release;
		};
		3984F94C1A23EF0A00D9953C /* Build configuration list for PBXNativeTarget "lua" */ = {
			isa = XCConfigurationList;
			buildConfigurations = (
				3984F94D1A23EF0A00D9953C /* Debug */,
				3984F94E1A23EF0A00D9953C /* Release */,
			);
			defaultConfigurationIsVisible = 0;
			defaultConfigurationName = Release;
		};
/* End XCConfigurationList section */
	};
	rootObject = 3984F9391A23EF0A00D9953C /* Project object */;
}
